// !$*UTF8*$!
{
	archiveVersion = 1;
	classes = {
	};
	objectVersion = 77;
	objects = {

/* Begin PBXBuildFile section */
		A10000000000000000000001 /* OpenPlaneApp.swift in Sources */ = {isa = PBXBuildFile; fileRef = A20000000000000000000001 /* OpenPlaneApp.swift */; };
		A10000000000000000000002 /* AppDelegate.swift in Sources */ = {isa = PBXBuildFile; fileRef = A20000000000000000000002 /* AppDelegate.swift */; };
		A10000000000000000000003 /* CanvasModel.swift in Sources */ = {isa = PBXBuildFile; fileRef = A20000000000000000000003 /* CanvasModel.swift */; };
		A10000000000000000000004 /* CanvasView.swift in Sources */ = {isa = PBXBuildFile; fileRef = A20000000000000000000004 /* CanvasView.swift */; };
		A10000000000000000000005 /* WindowService.swift in Sources */ = {isa = PBXBuildFile; fileRef = A20000000000000000000005 /* WindowService.swift */; };
		A10000000000000000000006 /* PermissionView.swift in Sources */ = {isa = PBXBuildFile; fileRef = A20000000000000000000006 /* PermissionView.swift */; };
		A10000000000000000000007 /* CanvasMathTests.swift in Sources */ = {isa = PBXBuildFile; fileRef = A20000000000000000000007 /* CanvasMathTests.swift */; };
		A10000000000000000000008 /* XCTest.framework in Frameworks */ = {isa = PBXBuildFile; fileRef = A2000000000000000000000A /* XCTest.framework */; };
		A10000000000000000000009 /* Assets.xcassets in Resources */ = {isa = PBXBuildFile; fileRef = A2000000000000000000000D /* Assets.xcassets */; };
/* End PBXBuildFile section */

/* Begin PBXContainerItemProxy section */
		A30000000000000000000001 /* PBXContainerItemProxy */ = {
			isa = PBXContainerItemProxy;
			containerPortal = A90000000000000000000001 /* Project object */;
			proxyType = 1;
			remoteGlobalIDString = A70000000000000000000001;
			remoteInfo = OpenPlane;
		};
/* End PBXContainerItemProxy section */

/* Begin PBXFileReference section */
		A20000000000000000000001 /* OpenPlaneApp.swift */ = {isa = PBXFileReference; lastKnownFileType = sourcecode.swift; path = OpenPlaneApp.swift; sourceTree = "<group>"; };
		A20000000000000000000002 /* AppDelegate.swift */ = {isa = PBXFileReference; lastKnownFileType = sourcecode.swift; path = AppDelegate.swift; sourceTree = "<group>"; };
		A20000000000000000000003 /* CanvasModel.swift */ = {isa = PBXFileReference; lastKnownFileType = sourcecode.swift; path = CanvasModel.swift; sourceTree = "<group>"; };
		A20000000000000000000004 /* CanvasView.swift */ = {isa = PBXFileReference; lastKnownFileType = sourcecode.swift; path = CanvasView.swift; sourceTree = "<group>"; };
		A20000000000000000000005 /* WindowService.swift */ = {isa = PBXFileReference; lastKnownFileType = sourcecode.swift; path = WindowService.swift; sourceTree = "<group>"; };
		A20000000000000000000006 /* PermissionView.swift */ = {isa = PBXFileReference; lastKnownFileType = sourcecode.swift; path = PermissionView.swift; sourceTree = "<group>"; };
		A20000000000000000000007 /* CanvasMathTests.swift */ = {isa = PBXFileReference; lastKnownFileType = sourcecode.swift; path = CanvasMathTests.swift; sourceTree = "<group>"; };
		A20000000000000000000008 /* Info.plist */ = {isa = PBXFileReference; lastKnownFileType = text.plist.xml; path = Info.plist; sourceTree = "<group>"; };
		A20000000000000000000009 /* OpenPlane.app */ = {isa = PBXFileReference; explicitFileType = wrapper.application; includeInIndex = 0; path = OpenPlane.app; sourceTree = BUILT_PRODUCTS_DIR; };
		A2000000000000000000000A /* XCTest.framework */ = {isa = PBXFileReference; lastKnownFileType = wrapper.framework; name = XCTest.framework; path = System/Library/Frameworks/XCTest.framework; sourceTree = SDKROOT; };
		A2000000000000000000000B /* OpenPlaneTests.xctest */ = {isa = PBXFileReference; explicitFileType = wrapper.cfbundle; includeInIndex = 0; path = OpenPlaneTests.xctest; sourceTree = BUILT_PRODUCTS_DIR; };
		A2000000000000000000000C /* README.md */ = {isa = PBXFileReference; lastKnownFileType = net.daringfireball.markdown; path = README.md; sourceTree = "<group>"; };
		A2000000000000000000000D /* Assets.xcassets */ = {isa = PBXFileReference; lastKnownFileType = folder.assetcatalog; path = Assets.xcassets; sourceTree = "<group>"; };
		A2000000000000000000000E /* AppIcon.svg */ = {isa = PBXFileReference; lastKnownFileType = image.svg; path = AppIcon.svg; sourceTree = "<group>"; };
/* End PBXFileReference section */

/* Begin PBXFrameworksBuildPhase section */
		A40000000000000000000001 /* Frameworks */ = {isa = PBXFrameworksBuildPhase; buildActionMask = 2147483647; files = (); runOnlyForDeploymentPostprocessing = 0; };
		A40000000000000000000002 /* Frameworks */ = {isa = PBXFrameworksBuildPhase; buildActionMask = 2147483647; files = (A10000000000000000000008 /* XCTest.framework in Frameworks */,); runOnlyForDeploymentPostprocessing = 0; };
/* End PBXFrameworksBuildPhase section */

/* Begin PBXGroup section */
		A50000000000000000000001 = {
			isa = PBXGroup;
			children = (
				A50000000000000000000002 /* OpenPlane */,
				A50000000000000000000003 /* OpenPlaneTests */,
				A50000000000000000000004 /* Frameworks */,
				A50000000000000000000005 /* Products */,
				A2000000000000000000000C /* README.md */,
			);
			sourceTree = "<group>";
		};
		A50000000000000000000002 /* OpenPlane */ = {
			isa = PBXGroup;
			children = (
				A20000000000000000000001 /* OpenPlaneApp.swift */,
				A20000000000000000000002 /* AppDelegate.swift */,
				A20000000000000000000003 /* CanvasModel.swift */,
				A20000000000000000000004 /* CanvasView.swift */,
				A20000000000000000000005 /* WindowService.swift */,
				A20000000000000000000006 /* PermissionView.swift */,
				A20000000000000000000008 /* Info.plist */,
				A2000000000000000000000D /* Assets.xcassets */,
				A2000000000000000000000E /* AppIcon.svg */,
			);
			path = OpenPlane;
			sourceTree = "<group>";
		};
		A50000000000000000000003 /* OpenPlaneTests */ = {isa = PBXGroup; children = (A20000000000000000000007 /* CanvasMathTests.swift */,); path = OpenPlaneTests; sourceTree = "<group>"; };
		A50000000000000000000004 /* Frameworks */ = {isa = PBXGroup; children = (A2000000000000000000000A /* XCTest.framework */,); name = Frameworks; sourceTree = "<group>"; };
		A50000000000000000000005 /* Products */ = {isa = PBXGroup; children = (A20000000000000000000009 /* OpenPlane.app */, A2000000000000000000000B /* OpenPlaneTests.xctest */,); name = Products; sourceTree = "<group>"; };
/* End PBXGroup section */

/* Begin PBXNativeTarget section */
		A70000000000000000000001 /* OpenPlane */ = {
			isa = PBXNativeTarget;
			buildConfigurationList = A80000000000000000000002 /* Build configuration list for PBXNativeTarget "OpenPlane" */;
			buildPhases = (A60000000000000000000001 /* Sources */, A40000000000000000000001 /* Frameworks */, A60000000000000000000002 /* Resources */,);
			buildRules = ();
			dependencies = ();
			name = OpenPlane;
			productName = OpenPlane;
			productReference = A20000000000000000000009 /* OpenPlane.app */;
			productType = "com.apple.product-type.application";
		};
		A70000000000000000000002 /* OpenPlaneTests */ = {
			isa = PBXNativeTarget;
			buildConfigurationList = A80000000000000000000003 /* Build configuration list for PBXNativeTarget "OpenPlaneTests" */;
			buildPhases = (A60000000000000000000003 /* Sources */, A40000000000000000000002 /* Frameworks */, A60000000000000000000004 /* Resources */,);
			buildRules = ();
			dependencies = (A30000000000000000000002 /* PBXTargetDependency */,);
			name = OpenPlaneTests;
			productName = OpenPlaneTests;
			productReference = A2000000000000000000000B /* OpenPlaneTests.xctest */;
			productType = "com.apple.product-type.bundle.unit-test";
		};
/* End PBXNativeTarget section */

/* Begin PBXProject section */
		A90000000000000000000001 /* Project object */ = {
			isa = PBXProject;
			attributes = {BuildIndependentTargetsInParallel = 1; LastSwiftUpdateCheck = 2630; LastUpgradeCheck = 2630; TargetAttributes = {A70000000000000000000001 = {CreatedOnToolsVersion = 26.3; ProvisioningStyle = Manual;}; A70000000000000000000002 = {CreatedOnToolsVersion = 26.3; TestTargetID = A70000000000000000000001;};};};
			buildConfigurationList = A80000000000000000000001 /* Build configuration list for PBXProject "OpenPlane" */;
			developmentRegion = en;
			hasScannedForEncodings = 0;
			knownRegions = (en, Base,);
			mainGroup = A50000000000000000000001;
			productRefGroup = A50000000000000000000005 /* Products */;
			projectDirPath = "";
			projectRoot = "";
			targets = (A70000000000000000000001 /* OpenPlane */, A70000000000000000000002 /* OpenPlaneTests */,);
		};
/* End PBXProject section */

/* Begin PBXResourcesBuildPhase section */
		A60000000000000000000002 /* Resources */ = {isa = PBXResourcesBuildPhase; buildActionMask = 2147483647; files = (A10000000000000000000009 /* Assets.xcassets in Resources */,); runOnlyForDeploymentPostprocessing = 0; };
		A60000000000000000000004 /* Resources */ = {isa = PBXResourcesBuildPhase; buildActionMask = 2147483647; files = (); runOnlyForDeploymentPostprocessing = 0; };
/* End PBXResourcesBuildPhase section */

/* Begin PBXSourcesBuildPhase section */
		A60000000000000000000001 /* Sources */ = {isa = PBXSourcesBuildPhase; buildActionMask = 2147483647; files = (A10000000000000000000001, A10000000000000000000002, A10000000000000000000003, A10000000000000000000004, A10000000000000000000005, A10000000000000000000006,); runOnlyForDeploymentPostprocessing = 0; };
		A60000000000000000000003 /* Sources */ = {isa = PBXSourcesBuildPhase; buildActionMask = 2147483647; files = (A10000000000000000000007,); runOnlyForDeploymentPostprocessing = 0; };
/* End PBXSourcesBuildPhase section */

/* Begin PBXTargetDependency section */
		A30000000000000000000002 /* PBXTargetDependency */ = {isa = PBXTargetDependency; target = A70000000000000000000001 /* OpenPlane */; targetProxy = A30000000000000000000001 /* PBXContainerItemProxy */; };
/* End PBXTargetDependency section */

/* Begin XCBuildConfiguration section */
		B10000000000000000000001 /* Debug */ = {isa = XCBuildConfiguration; buildSettings = {CLANG_ENABLE_MODULES = YES; CLANG_ENABLE_OBJC_ARC = YES; COPY_PHASE_STRIP = NO; DEBUG_INFORMATION_FORMAT = dwarf; ENABLE_STRICT_OBJC_MSGSEND = YES; GCC_C_LANGUAGE_STANDARD = gnu17; GCC_OPTIMIZATION_LEVEL = 0; GCC_PREPROCESSOR_DEFINITIONS = ("DEBUG=1", "$(inherited)",); MACOSX_DEPLOYMENT_TARGET = 26.0; ONLY_ACTIVE_ARCH = YES; SDKROOT = macosx; SWIFT_ACTIVE_COMPILATION_CONDITIONS = DEBUG; SWIFT_OPTIMIZATION_LEVEL = "-Onone";}; name = Debug; };
		B10000000000000000000002 /* Release */ = {isa = XCBuildConfiguration; buildSettings = {CLANG_ENABLE_MODULES = YES; CLANG_ENABLE_OBJC_ARC = YES; COPY_PHASE_STRIP = YES; DEBUG_INFORMATION_FORMAT = "dwarf-with-dsym"; ENABLE_NS_ASSERTIONS = NO; ENABLE_STRICT_OBJC_MSGSEND = YES; GCC_C_LANGUAGE_STANDARD = gnu17; MACOSX_DEPLOYMENT_TARGET = 26.0; SDKROOT = macosx; SWIFT_COMPILATION_MODE = wholemodule; SWIFT_OPTIMIZATION_LEVEL = "-O";}; name = Release; };
		B10000000000000000000003 /* Debug */ = {isa = XCBuildConfiguration; buildSettings = {ASSETCATALOG_COMPILER_APPICON_NAME = AppIcon; CODE_SIGN_STYLE = Automatic; COMBINE_HIDPI_IMAGES = YES; CURRENT_PROJECT_VERSION = 2; DEVELOPMENT_TEAM = 9FTHA7LGRQ; ENABLE_APP_SANDBOX = NO; ENABLE_HARDENED_RUNTIME = NO; ENABLE_TESTABILITY = YES; GENERATE_INFOPLIST_FILE = NO; INFOPLIST_FILE = OpenPlane/Info.plist; LD_RUNPATH_SEARCH_PATHS = "$(inherited) @executable_path/../Frameworks"; MARKETING_VERSION = 0.1; PRODUCT_BUNDLE_IDENTIFIER = com.yalpani.openplane.poc; PRODUCT_MODULE_NAME = OpenPlane; PRODUCT_NAME = OpenPlane; SUPPORTED_PLATFORMS = macosx; SWIFT_EMIT_LOC_STRINGS = YES; SWIFT_STRICT_CONCURRENCY = minimal; SWIFT_VERSION = 6.0;}; name = Debug; };
		B10000000000000000000004 /* Release */ = {isa = XCBuildConfiguration; buildSettings = {ASSETCATALOG_COMPILER_APPICON_NAME = AppIcon; CODE_SIGN_STYLE = Automatic; COMBINE_HIDPI_IMAGES = YES; CURRENT_PROJECT_VERSION = 2; DEVELOPMENT_TEAM = 9FTHA7LGRQ; ENABLE_APP_SANDBOX = NO; ENABLE_HARDENED_RUNTIME = NO; GENERATE_INFOPLIST_FILE = NO; INFOPLIST_FILE = OpenPlane/Info.plist; LD_RUNPATH_SEARCH_PATHS = "$(inherited) @executable_path/../Frameworks"; MARKETING_VERSION = 0.1; PRODUCT_BUNDLE_IDENTIFIER = com.yalpani.openplane.poc; PRODUCT_MODULE_NAME = OpenPlane; PRODUCT_NAME = OpenPlane; SUPPORTED_PLATFORMS = macosx; SWIFT_EMIT_LOC_STRINGS = YES; SWIFT_STRICT_CONCURRENCY = minimal; SWIFT_VERSION = 6.0;}; name = Release; };
		B10000000000000000000005 /* Debug */ = {isa = XCBuildConfiguration; buildSettings = {BUNDLE_LOADER = "$(TEST_HOST)"; CODE_SIGN_IDENTITY = "-"; CODE_SIGN_STYLE = Manual; GENERATE_INFOPLIST_FILE = YES; LD_RUNPATH_SEARCH_PATHS = "$(inherited) @executable_path/../Frameworks @loader_path/../Frameworks"; PRODUCT_BUNDLE_IDENTIFIER = com.yalpani.openplane.poc.tests; PRODUCT_NAME = "$(TARGET_NAME)"; SUPPORTED_PLATFORMS = macosx; SWIFT_STRICT_CONCURRENCY = minimal; SWIFT_VERSION = 6.0; TEST_HOST = "$(BUILT_PRODUCTS_DIR)/OpenPlane.app/Contents/MacOS/OpenPlane";}; name = Debug; };
		B10000000000000000000006 /* Release */ = {isa = XCBuildConfiguration; buildSettings = {BUNDLE_LOADER = "$(TEST_HOST)"; CODE_SIGN_IDENTITY = "-"; CODE_SIGN_STYLE = Manual; GENERATE_INFOPLIST_FILE = YES; LD_RUNPATH_SEARCH_PATHS = "$(inherited) @executable_path/../Frameworks @loader_path/../Frameworks"; PRODUCT_BUNDLE_IDENTIFIER = com.yalpani.openplane.poc.tests; PRODUCT_NAME = "$(TARGET_NAME)"; SUPPORTED_PLATFORMS = macosx; SWIFT_STRICT_CONCURRENCY = minimal; SWIFT_VERSION = 6.0; TEST_HOST = "$(BUILT_PRODUCTS_DIR)/OpenPlane.app/Contents/MacOS/OpenPlane";}; name = Release; };
/* End XCBuildConfiguration section */

/* Begin XCConfigurationList section */
		A80000000000000000000001 /* Build configuration list for PBXProject "OpenPlane" */ = {isa = XCConfigurationList; buildConfigurations = (B10000000000000000000001 /* Debug */, B10000000000000000000002 /* Release */,); defaultConfigurationIsVisible = 0; defaultConfigurationName = Release; };
		A80000000000000000000002 /* Build configuration list for PBXNativeTarget "OpenPlane" */ = {isa = XCConfigurationList; buildConfigurations = (B10000000000000000000003 /* Debug */, B10000000000000000000004 /* Release */,); defaultConfigurationIsVisible = 0; defaultConfigurationName = Release; };
		A80000000000000000000003 /* Build configuration list for PBXNativeTarget "OpenPlaneTests" */ = {isa = XCConfigurationList; buildConfigurations = (B10000000000000000000005 /* Debug */, B10000000000000000000006 /* Release */,); defaultConfigurationIsVisible = 0; defaultConfigurationName = Release; };
/* End XCConfigurationList section */
	};
	rootObject = A90000000000000000000001 /* Project object */;
}
